[[package]]
name = "altgraph"
version = "0.17.3"
description = "Python graph (network) package"
category = "main"
optional = false
python-versions = "*"

[[package]]
name = "future"
version = "0.18.2"
description = "Clean single-source support for Python 3 and 2"
category = "main"
optional = false
python-versions = ">=2.6, !=3.0.*, !=3.1.*, !=3.2.*"

[[package]]
name = "importlib-metadata"
version = "4.12.0"
description = "Read metadata from Python packages"
category = "main"
optional = false
python-versions = ">=3.7"

[package.dependencies]
typing-extensions = {version = ">=3.6.4", markers = "python_version < \"3.8\""}
zipp = ">=0.5"

[package.extras]
docs = ["sphinx", "jaraco.packaging (>=9)", "rst.linker (>=1.9)"]
perf = ["ipython"]
testing = ["pytest (>=6)", "pytest-checkdocs (>=2.4)", "pytest-flake8", "pytest-cov", "pytest-enabler (>=1.3)", "packaging", "pyfakefs", "flufl.flake8", "pytest-perf (>=0.9.2)", "pytest-black (>=0.3.7)", "pytest-mypy (>=0.9.1)", "importlib-resources (>=1.3)"]

[[package]]
name = "macholib"
version = "1.16.2"
description = "Mach-O header analysis and editing"
category = "main"
optional = false
python-versions = "*"

[package.dependencies]
altgraph = ">=0.17"

[[package]]
name = "pefile"
version = "2022.5.30"
description = "Python PE parsing module"
category = "main"
optional = false
python-versions = ">=3.6.0"

[package.dependencies]
future = "*"

[[package]]
name = "pyinstaller"
version = "5.0.1"
description = "PyInstaller bundles a Python application and all its dependencies into a single package."
category = "main"
optional = false
python-versions = "<3.11,>=3.7"

[package.dependencies]
altgraph = "*"
importlib-metadata = {version = "*", markers = "python_version < \"3.8\""}
macholib = {version = ">=1.8", markers = "sys_platform == \"darwin\""}
pefile = {version = ">=2017.8.1", markers = "sys_platform == \"win32\""}
pyinstaller-hooks-contrib = ">=2020.6"
pywin32-ctypes = {version = ">=0.2.0", markers = "sys_platform == \"win32\""}

[package.extras]
encryption = ["tinyaes (>=1.0.0)"]
hook_testing = ["pytest (>=2.7.3)", "execnet (>=1.5.0)", "psutil"]

[[package]]
name = "pyinstaller-hooks-contrib"
version = "2022.10"
description = "Community maintained hooks for PyInstaller"
category = "main"
optional = false
python-versions = ">=3.7"

[[package]]
name = "pyqt5"
version = "5.15.7"
description = "Python bindings for the Qt cross platform application toolkit"
category = "main"
optional = false
python-versions = ">=3.7"

[package.dependencies]
PyQt5-Qt5 = ">=5.15.0"
PyQt5-sip = ">=12.11,<13"

[[package]]
name = "pyqt5-qt5"
version = "5.15.2"
description = "The subset of a Qt installation needed by PyQt5."
category = "main"
optional = false
python-versions = "*"

[[package]]
name = "pyqt5-sip"
version = "12.11.0"
description = "The sip module support for PyQt5"
category = "main"
optional = false
python-versions = ">=3.7"

[[package]]
name = "pyqt5-stubs"
version = "5.15.6.0"
description = "PEP561 stub files for the PyQt5 framework"
category = "main"
optional = false
python-versions = ">= 3.5"

[package.extras]
dev = ["mypy (==0.930)", "pytest", "pytest-xvfb"]

[[package]]
name = "pywin32-ctypes"
version = "0.2.0"
description = ""
category = "main"
optional = false
python-versions = "*"

[[package]]
name = "typing-extensions"
version = "4.3.0"
description = "Backported and Experimental Type Hints for Python 3.7+"
category = "main"
optional = false
python-versions = ">=3.7"

[[package]]
name = "zipp"
version = "3.8.1"
description = "Backport of pathlib-compatible object wrapper for zip files"
category = "main"
optional = false
python-versions = ">=3.7"

[package.extras]
docs = ["sphinx", "jaraco.packaging (>=9)", "rst.linker (>=1.9)", "jaraco.tidelift (>=1.4)"]
testing = ["pytest (>=6)", "pytest-checkdocs (>=2.4)", "pytest-flake8", "pytest-cov", "pytest-enabler (>=1.3)", "jaraco.itertools", "func-timeout", "pytest-black (>=0.3.7)", "pytest-mypy (>=0.9.1)"]

[metadata]
lock-version = "1.1"
python-versions = "<3.11,>=3.7"
content-hash = "f089d99e36fdb152db75621d7679c5c215f298596411e930178b98838aa8b453"

[metadata.files]
altgraph = [
    {file = "altgraph-0.17.3-py2.py3-none-any.whl", hash = "sha256:c8ac1ca6772207179ed8003ce7687757c04b0b71536f81e2ac5755c6226458fe"},
    {file = "altgraph-0.17.3.tar.gz", hash = "sha256:ad33358114df7c9416cdb8fa1eaa5852166c505118717021c6a8c7c7abbd03dd"},
]
future = [
    {file = "future-0.18.2.tar.gz", hash = "sha256:b1bead90b70cf6ec3f0710ae53a525360fa360d306a86583adc6bf83a4db537d"},
]
importlib-metadata = [
    {file = "importlib_metadata-4.12.0-py3-none-any.whl", hash = "sha256:7401a975809ea1fdc658c3aa4f78cc2195a0e019c5cbc4c06122884e9ae80c23"},
    {file = "importlib_metadata-4.12.0.tar.gz", hash = "sha256:637245b8bab2b6502fcbc752cc4b7a6f6243bb02b31c5c26156ad103d3d45670"},
]
macholib = [
    {file = "macholib-1.16.2-py2.py3-none-any.whl", hash = "sha256:44c40f2cd7d6726af8fa6fe22549178d3a4dfecc35a9cd15ea916d9c83a688e0"},
    {file = "macholib-1.16.2.tar.gz", hash = "sha256:557bbfa1bb255c20e9abafe7ed6cd8046b48d9525db2f9b77d3122a63a2a8bf8"},
]
pefile = [
    {file = "pefile-2022.5.30.tar.gz", hash = "sha256:a5488a3dd1fd021ce33f969780b88fe0f7eebb76eb20996d7318f307612a045b"},
]
pyinstaller = [
    {file = "pyinstaller-5.0.1-py3-none-macosx_10_13_universal2.whl", hash = "sha256:0dc19ccf97584fff1766dcaf9c0425e4cd714ccc41c9f4d1222cab8c756624e4"},
    {file = "pyinstaller-5.0.1-py3-none-manylinux2014_aarch64.whl", hash = "sha256:100ba42f5885e1044e45a9a1d6fa9bb17be49d8731a34ebde39519a49095d509"},
    {file = "pyinstaller-5.0.1-py3-none-manylinux2014_i686.whl", hash = "sha256:943d22969ad7487ff430810e733f06e6efddc1af1cbe6453ec44dffc39f3a1f5"},
    {file = "pyinstaller-5.0.1-py3-none-manylinux2014_ppc64le.whl", hash = "sha256:7b4fa281373676728e503447e5eb2a101208d0d41be62b540dcfbe073e26e60f"},
    {file = "pyinstaller-5.0.1-py3-none-manylinux2014_s390x.whl", hash = "sha256:a7698ca54b1afc5ff0ef0a881fa68a878e3f12e7f1a3bade9bf198af34d15222"},
    {file = "pyinstaller-5.0.1-py3-none-manylinux2014_x86_64.whl", hash = "sha256:d8384871a2e6605b49ef3293aa8b365bbdfe9aac6ff80e3743e5fe4cbd46fa62"},
    {file = "pyinstaller-5.0.1-py3-none-musllinux_1_1_aarch64.whl", hash = "sha256:d3a587f5adb28e299781d99d6e781e3d240f6f5ecaad5b5f484ea196801476f6"},
    {file = "pyinstaller-5.0.1-py3-none-musllinux_1_1_x86_64.whl", hash = "sha256:219e249c2bbd2ec77ba008adbc46832ddd761554167bf5f9c86e861f8ddd4589"},
    {file = "pyinstaller-5.0.1-py3-none-win32.whl", hash = "sha256:3ac6f8bfe65666650bf37671d6661775692b33711a7c5e664ac5bb577100f120"},
    {file = "pyinstaller-5.0.1-py3-none-win_amd64.whl", hash = "sha256:bf6148a6eb005e1106d57271681cd7799b56f7b41efa6c78ce4d375fc1cd829e"},
    {file = "pyinstaller-5.0.1.tar.gz", hash = "sha256:25f5f758b005c66471af0d452c90ec328179116afe9d5bd82f5fb06d9416267b"},
]
pyinstaller-hooks-contrib = [
    {file = "pyinstaller-hooks-contrib-2022.10.tar.gz", hash = "sha256:e5edd4094175e78c178ef987b61be19efff6caa23d266ade456fc753e847f62e"},
    {file = "pyinstaller_hooks_contrib-2022.10-py2.py3-none-any.whl", hash = "sha256:d1dd6ea059dc30e77813cc12a5efa8b1d228e7da8f5b884fe11775f946db1784"},
]
pyqt5 = [
    {file = "PyQt5-5.15.7-cp37-abi3-macosx_10_13_x86_64.whl", hash = "sha256:1a793748c60d5aff3850b7abf84d47c1d41edb11231b7d7c16bef602c36be643"},
    {file = "PyQt5-5.15.7-cp37-abi3-manylinux1_x86_64.whl", hash = "sha256:e319c9d8639e0729235c1b09c99afdadad96fa3dbd8392ab561b5ab5946ee6ef"},
    {file = "PyQt5-5.15.7-cp37-abi3-win32.whl", hash = "sha256:08694f0a4c7d4f3d36b2311b1920e6283240ad3b7c09b515e08262e195dcdf37"},
    {file = "PyQt5-5.15.7-cp37-abi3-win_amd64.whl", hash = "sha256:232fe5b135a095cbd024cf341d928fc672c963f88e6a52b0c605be8177c2fdb5"},
    {file = "PyQt5-5.15.7.tar.gz", hash = "sha256:755121a52b3a08cb07275c10ebb96576d36e320e572591db16cfdbc558101594"},
]
pyqt5-qt5 = [
    {file = "PyQt5_Qt5-5.15.2-py3-none-macosx_10_13_intel.whl", hash = "sha256:76980cd3d7ae87e3c7a33bfebfaee84448fd650bad6840471d6cae199b56e154"},
    {file = "PyQt5_Qt5-5.15.2-py3-none-manylinux2014_x86_64.whl", hash = "sha256:1988f364ec8caf87a6ee5d5a3a5210d57539988bf8e84714c7d60972692e2f4a"},
    {file = "PyQt5_Qt5-5.15.2-py3-none-win32.whl", hash = "sha256:9cc7a768b1921f4b982ebc00a318ccb38578e44e45316c7a4a850e953e1dd327"},
    {file = "PyQt5_Qt5-5.15.2-py3-none-win_amd64.whl", hash = "sha256:750b78e4dba6bdf1607febedc08738e318ea09e9b10aea9ff0d73073f11f6962"},
]
pyqt5-sip = [
    {file = "PyQt5_sip-12.11.0-cp310-cp310-macosx_10_9_universal2.whl", hash = "sha256:f1f9e312ff8284d6dfebc5366f6f7d103f84eec23a4da0be0482403933e68660"},
    {file = "PyQt5_sip-12.11.0-cp310-cp310-manylinux1_x86_64.whl", hash = "sha256:4031547dfb679be309094bfa79254f5badc5ddbe66b9ad38e319d84a7d612443"},
    {file = "PyQt5_sip-12.11.0-cp310-cp310-win32.whl", hash = "sha256:ad21ca0ee8cae2a41b61fc04949dccfab6fe008749627d94e8c7078cb7a73af1"},
    {file = "PyQt5_sip-12.11.0-cp310-cp310-win_amd64.whl", hash = "sha256:3126c84568ab341c12e46ded2230f62a9a78752a70fdab13713f89a71cd44f73"},
    {file = "PyQt5_sip-12.11.0-cp37-cp37m-macosx_10_9_x86_64.whl", hash = "sha256:0f77655c62ec91d47c2c99143f248624d44dd2d8a12d016e7c020508ad418aca"},
    {file = "PyQt5_sip-12.11.0-cp37-cp37m-manylinux1_x86_64.whl", hash = "sha256:ec5e9ef78852e1f96f86d7e15c9215878422b83dde36d44f1539a3062942f19c"},
    {file = "PyQt5_sip-12.11.0-cp37-cp37m-win32.whl", hash = "sha256:d12b81c3a08abf7657a2ebc7d3649852a1f327eb2146ebadf45930486d32e920"},
    {file = "PyQt5_sip-12.11.0-cp37-cp37m-win_amd64.whl", hash = "sha256:b69a1911f768b489846335e31e49eb34795c6b5a038ca24d894d751e3b0b44da"},
    {file = "PyQt5_sip-12.11.0-cp38-cp38-macosx_10_9_x86_64.whl", hash = "sha256:51e377789d59196213eddf458e6927f33ba9d217b614d17d20df16c9a8b2c41c"},
    {file = "PyQt5_sip-12.11.0-cp38-cp38-manylinux1_x86_64.whl", hash = "sha256:4e5c1559311515291ea0ab0635529f14536954e3b973a7c7890ab7e4de1c2c23"},
    {file = "PyQt5_sip-12.11.0-cp38-cp38-win32.whl", hash = "sha256:9bca450c5306890cb002fe36bbca18f979dd9e5b810b766dce8e3ce5e66ba795"},
    {file = "PyQt5_sip-12.11.0-cp38-cp38-win_amd64.whl", hash = "sha256:f6b72035da4e8fecbb0bc4a972e30a5674a9ad5608dbddaa517e983782dbf3bf"},
    {file = "PyQt5_sip-12.11.0-cp39-cp39-macosx_10_9_universal2.whl", hash = "sha256:9356260d4feb60dbac0ab66f8a791a0d2cda1bf98c9dec8e575904a045fbf7c5"},
    {file = "PyQt5_sip-12.11.0-cp39-cp39-manylinux1_x86_64.whl", hash = "sha256:205f3e1b3eea3597d8e878936c1a06e04bd23a59e8b179ee806465d72eea3071"},
    {file = "PyQt5_sip-12.11.0-cp39-cp39-win32.whl", hash = "sha256:686071be054e5be6ca5aaaef7960931d4ba917277e839e2e978c7cbe3f43bb6e"},
    {file = "PyQt5_sip-12.11.0-cp39-cp39-win_amd64.whl", hash = "sha256:42320e7a94b1085ed85d49794ed4ccfe86f1cae80b44a894db908a8aba2bc60e"},
    {file = "PyQt5_sip-12.11.0.tar.gz", hash = "sha256:b4710fd85b57edef716cc55fae45bfd5bfac6fc7ba91036f1dcc3f331ca0eb39"},
]
pyqt5-stubs = [
    {file = "PyQt5-stubs-5.15.6.0.tar.gz", hash = "sha256:91270ac23ebf38a1dc04cd97aa852cd08af82dc839100e5395af1447e3e99707"},
    {file = "PyQt5_stubs-5.15.6.0-py3-none-any.whl", hash = "sha256:7fb8177c72489a8911f021b7bd7c33f12c87f6dba92dcef3fdcdb5d9400f0f3f"},
]
pywin32-ctypes = [
    {file = "pywin32-ctypes-0.2.0.tar.gz", hash = "sha256:24ffc3b341d457d48e8922352130cf2644024a4ff09762a2261fd34c36ee5942"},
    {file = "pywin32_ctypes-0.2.0-py2.py3-none-any.whl", hash = "sha256:9dc2d991b3479cc2df15930958b674a48a227d5361d413827a4cfd0b5876fc98"},
]
typing-extensions = [
    {file = "typing_extensions-4.3.0-py3-none-any.whl", hash = "sha256:25642c956049920a5aa49edcdd6ab1e06d7e5d467fc00e0506c44ac86fbfca02"},
    {file = "typing_extensions-4.3.0.tar.gz", hash = "sha256:e6d2677a32f47fc7eb2795db1dd15c1f34eff616bcaf2cfb5e997f854fa1c4a6"},
]
zipp = [
    {file = "zipp-3.8.1-py3-none-any.whl", hash = "sha256:47c40d7fe183a6f21403a199b3e4192cca5774656965b0a4988ad2f8feb5f009"},
    {file = "zipp-3.8.1.tar.gz", hash = "sha256:05b45f1ee8f807d0cc928485ca40a07cb491cf092ff587c0df9cb1fd154848d2"},
]
